
Microsoft Visual Studio Solution File, Format Version 12.00
# Visual Studio Version 17
VisualStudioVersion = 17.11.35327.3
MinimumVisualStudioVersion = 10.0.40219.1
Project("{FAE04EC0-301F-11D3-BF4B-00C04F79EFBC}") = "Sovrea_Cornel_Lab1", "Sovrea_Cornel_Lab1.csproj", "{86798372-DD2B-4760-B357-39AB2DB59903}"
EndProject
Global
	GlobalSection(SolutionConfigurationPlatforms) = preSolution
		Debug|Any CPU = Debug|Any CPU
		Release|Any CPU = Release|Any CPU
	EndGlobalSection
	GlobalSection(ProjectConfigurationPlatforms) = postSolution
		{86798372-DD2B-4760-B357-39AB2DB59903}.Debug|Any CPU.ActiveCfg = Debug|Any CPU
		{86798372-DD2B-4760-B357-39AB2DB59903}.Debug|Any CPU.Build.0 = Debug|Any CPU
		{86798372-DD2B-4760-B357-39AB2DB59903}.Release|Any CPU.ActiveCfg = Release|Any CPU
		{86798372-DD2B-4760-B357-39AB2DB59903}.Release|Any CPU.Build.0 = Release|Any CPU
	EndGlobalSection
	GlobalSection(SolutionProperties) = preSolution
		HideSolutionNode = FALSE
	EndGlobalSection
	GlobalSection(ExtensibilityGlobals) = postSolution
		SolutionGuid = {B0322AD9-7D06-440B-B33F-0E9EF0CF23FA}
	EndGlobalSection
EndGlobal
